
Microsoft Visual Studio Solution File, Format Version 12.00
# Visual Studio Version 17
VisualStudioVersion = 17.8.34330.188
MinimumVisualStudioVersion = 10.0.40219.1
Project("{FAE04EC0-301F-11D3-BF4B-00C04F79EFBC}") = "trainings_", "trainings_\trainings_.csproj", "{29490522-A3E6-4106-82E7-8D84EE1DCA0F}"
EndProject
Global
	GlobalSection(SolutionConfigurationPlatforms) = preSolution
		Debug|Any CPU = Debug|Any CPU
		Release|Any CPU = Release|Any CPU
	EndGlobalSection
	GlobalSection(ProjectConfigurationPlatforms) = postSolution
		{29490522-A3E6-4106-82E7-8D84EE1DCA0F}.Debug|Any CPU.ActiveCfg = Debug|Any CPU
		{29490522-A3E6-4106-82E7-8D84EE1DCA0F}.Debug|Any CPU.Build.0 = Debug|Any CPU
		{29490522-A3E6-4106-82E7-8D84EE1DCA0F}.Release|Any CPU.ActiveCfg = Release|Any CPU
		{29490522-A3E6-4106-82E7-8D84EE1DCA0F}.Release|Any CPU.Build.0 = Release|Any CPU
	EndGlobalSection
	GlobalSection(SolutionProperties) = preSolution
		HideSolutionNode = FALSE
	EndGlobalSection
	GlobalSection(ExtensibilityGlobals) = postSolution
		SolutionGuid = {3A2D88CA-EEFF-4B92-A737-50F0B1D9A65A}
	EndGlobalSection
EndGlobal
